<?xml version="1.0" encoding="utf-8"?>
<Project ToolsVersion="4.0" xmlns="http://schemas.microsoft.com/developer/msbuild/2003">
  <ItemGroup>
    <Filter Include="Source Files">
      <UniqueIdentifier>{4FC737F1-C7A5-4376-A066-2A32D752A2FF}</UniqueIdentifier>
      <Extensions>cpp;c;cc;cxx;def;odl;idl;hpj;bat;asm;asmx</Extensions>
    </Filter>
    <Filter Include="Header Files">
      <UniqueIdentifier>{93995380-89BD-4b04-88EB-625FBE52EBFB}</UniqueIdentifier>
      <Extensions>h;hh;hpp;hxx;hm;inl;inc;xsd</Extensions>
    </Filter>
    <Filter Include="Resource Files">
      <UniqueIdentifier>{67DA6AB6-F800-4c08-8B7A-83BB121AAD01}</UniqueIdentifier>
      <Extensions>rc;ico;cur;bmp;dlg;rc2;rct;bin;rgs;gif;jpg;jpeg;jpe;resx;tiff;tif;png;wav;mfcribbon-ms</Extensions>
    </Filter>
    <Filter Include="Header Files\Level Headers">
      <UniqueIdentifier>{f7749c96-df4c-4fee-a30d-15e5389b58e7}</UniqueIdentifier>
    </Filter>
    <Filter Include="Source Files\Level Sources">
      <UniqueIdentifier>{598fc6c9-7796-436f-a5e9-747667de719b}</UniqueIdentifier>
    </Filter>
    <Filter Include="Header Files\GameObj Headers">
      <UniqueIdentifier>{20e29443-db59-4913-a5a4-75cd81b36f43}</UniqueIdentifier>
    </Filter>
    <Filter Include="Source Files\GameObj Sources">
      <UniqueIdentifier>{0d2a88e2-a064-48f4-aaa9-db8eb6e31232}</UniqueIdentifier>
    </Filter>
    <Filter Include="Header Files\3D Headers">
      <UniqueIdentifier>{2aa856d9-3b85-4364-a583-ad607dd026a6}</UniqueIdentifier>
    </Filter>
    <Filter Include="Source Files\3D Sources">
      <UniqueIdentifier>{0d675966-f33f-401c-aa98-4b427fb103b4}</UniqueIdentifier>
    </Filter>
  </ItemGroup>
  <ItemGroup>
    <ClCompile Include="main.cpp">
      <Filter>Source Files</Filter>
    </ClCompile>
    <ClCompile Include="GameManager.cpp">
      <Filter>Source Files</Filter>
    </ClCompile>
    <ClCompile Include="Graphics.cpp">
      <Filter>Source Files</Filter>
    </ClCompile>
    <ClCompile Include="SpriteSheet.cpp">
      <Filter>Source Files</Filter>
    </ClCompile>
    <ClCompile Include="EffectManager.cpp">
      <Filter>Source Files</Filter>
    </ClCompile>
    <ClCompile Include="Level.cpp">
      <Filter>Source Files\Level Sources</Filter>
    </ClCompile>
    <ClCompile Include="Grid.cpp">
      <Filter>Source Files</Filter>
    </ClCompile>
    <ClCompile Include="GameObject.cpp">
      <Filter>Source Files\GameObj Sources</Filter>
    </ClCompile>
    <ClCompile Include="MoveableObject.cpp">
      <Filter>Source Files\GameObj Sources</Filter>
    </ClCompile>
    <ClCompile Include="Object.cpp">
      <Filter>Source Files\GameObj Sources</Filter>
    </ClCompile>
    <ClCompile Include="D3Class.cpp">
      <Filter>Source Files\3D Sources</Filter>
    </ClCompile>
    <ClCompile Include="Level3.cpp">
      <Filter>Source Files\Level Sources</Filter>
    </ClCompile>
    <ClCompile Include="Input.cpp">
      <Filter>Source Files</Filter>
    </ClCompile>
    <ClCompile Include="StarshipObject.cpp">
      <Filter>Source Files\GameObj Sources</Filter>
    </ClCompile>
  </ItemGroup>
  <ItemGroup>
    <ClInclude Include="GameManager.h">
      <Filter>Header Files</Filter>
    </ClInclude>
    <ClInclude Include="Graphics.h">
      <Filter>Header Files</Filter>
    </ClInclude>
    <ClInclude Include="SpriteSheet.h">
      <Filter>Header Files</Filter>
    </ClInclude>
    <ClInclude Include="EffectManager.h">
      <Filter>Header Files</Filter>
    </ClInclude>
    <ClInclude Include="Level.h">
      <Filter>Header Files\Level Headers</Filter>
    </ClInclude>
    <ClInclude Include="Grid.h">
      <Filter>Header Files</Filter>
    </ClInclude>
    <ClInclude Include="GameObject.h">
      <Filter>Header Files\GameObj Headers</Filter>
    </ClInclude>
    <ClInclude Include="MoveableObject.h">
      <Filter>Header Files\GameObj Headers</Filter>
    </ClInclude>
    <ClInclude Include="Object.h">
      <Filter>Header Files\GameObj Headers</Filter>
    </ClInclude>
    <ClInclude Include="D3Class.h">
      <Filter>Header Files\3D Headers</Filter>
    </ClInclude>
    <ClInclude Include="Level3.h">
      <Filter>Header Files\Level Headers</Filter>
    </ClInclude>
    <ClInclude Include="Input.h">
      <Filter>Header Files</Filter>
    </ClInclude>
    <ClInclude Include="StarshipObject.h">
      <Filter>Header Files\GameObj Headers</Filter>
    </ClInclude>
  </ItemGroup>
</Project>